PODS:
  - AFNetworking (2.5.2):
    - AFNetworking/NSURLConnection (= 2.5.2)
    - AFNetworking/NSURLSession (= 2.5.2)
    - AFNetworking/Reachability (= 2.5.2)
    - AFNetworking/Security (= 2.5.2)
    - AFNetworking/Serialization (= 2.5.2)
    - AFNetworking/UIKit (= 2.5.2)
  - AFNetworking/NSURLConnection (2.5.2):
    - AFNetworking/Reachability
    - AFNetworking/Security
    - AFNetworking/Serialization
  - AFNetworking/NSURLSession (2.5.2):
    - AFNetworking/Reachability
    - AFNetworking/Security
    - AFNetworking/Serialization
  - AFNetworking/Reachability (2.5.2)
  - AFNetworking/Security (2.5.2)
  - AFNetworking/Serialization (2.5.2)
  - AFNetworking/UIKit (2.5.2):
    - AFNetworking/NSURLConnection
    - AFNetworking/NSURLSession
  - ASOAnimatedButton (1.0.1):
    - ASOAnimatedButton/BounceButton (= 1.0.1)
    - ASOAnimatedButton/TwoStateButton (= 1.0.1)
  - ASOAnimatedButton/BounceButton (1.0.1)
  - ASOAnimatedButton/TwoStateButton (1.0.1)
  - JSONKit (1.5pre)

DEPENDENCIES:
  - AFNetworking
  - ASOAnimatedButton
  - JSONKit (= 1.5pre)

SPEC CHECKSUMS:
  AFNetworking: fefbce9660acb17f48ae0011292d4da0f457bf36
  ASOAnimatedButton: 92bb13622b2a7f0f0b106525e21c7b2d21d6ab94
  JSONKit: efef3bbd3372ff33f96b9c6f34cf4fe18e74ab69

COCOAPODS: 0.36.1
