// !$*UTF8*$!
{
	archiveVersion = 1;
	classes = {
	};
	objectVersion = 46;
	objects = {

/* Begin PBXBuildFile section */
		F667697E1AC5CA1F00D2C96E /* main.m in Sources */ = {isa = PBXBuildFile; fileRef = F667697D1AC5CA1F00D2C96E /* main.m */; };
		F66769811AC5CA1F00D2C96E /* AppDelegate.m in Sources */ = {isa = PBXBuildFile; fileRef = F66769801AC5CA1F00D2C96E /* AppDelegate.m */; };
		F66769841AC5CA1F00D2C96E /* virus_spread.xcdatamodeld in Sources */ = {isa = PBXBuildFile; fileRef = F66769821AC5CA1F00D2C96E /* virus_spread.xcdatamodeld */; };
		F66769871AC5CA1F00D2C96E /* ViewController.m in Sources */ = {isa = PBXBuildFile; fileRef = F66769861AC5CA1F00D2C96E /* ViewController.m */; };
		F667698A1AC5CA1F00D2C96E /* Main.storyboard in Resources */ = {isa = PBXBuildFile; fileRef = F66769881AC5CA1F00D2C96E /* Main.storyboard */; };
		F667698C1AC5CA1F00D2C96E /* Images.xcassets in Resources */ = {isa = PBXBuildFile; fileRef = F667698B1AC5CA1F00D2C96E /* Images.xcassets */; };
		F667698F1AC5CA1F00D2C96E /* LaunchScreen.xib in Resources */ = {isa = PBXBuildFile; fileRef = F667698D1AC5CA1F00D2C96E /* LaunchScreen.xib */; };
		F667699B1AC5CA1F00D2C96E /* virus_spreadTests.m in Sources */ = {isa = PBXBuildFile; fileRef = F667699A1AC5CA1F00D2C96E /* virus_spreadTests.m */; };
/* End PBXBuildFile section */

/* Begin PBXContainerItemProxy section */
		F66769951AC5CA1F00D2C96E /* PBXContainerItemProxy */ = {
			isa = PBXContainerItemProxy;
			containerPortal = F66769701AC5CA1F00D2C96E /* Project object */;
			proxyType = 1;
			remoteGlobalIDString = F66769771AC5CA1F00D2C96E;
			remoteInfo = "virus-spread";
		};
/* End PBXContainerItemProxy section */

/* Begin PBXFileReference section */
		F66769781AC5CA1F00D2C96E /* virus-spread.app */ = {isa = PBXFileReference; explicitFileType = wrapper.application; includeInIndex = 0; path = "virus-spread.app"; sourceTree = BUILT_PRODUCTS_DIR; };
		F667697C1AC5CA1F00D2C96E /* Info.plist */ = {isa = PBXFileReference; lastKnownFileType = text.plist.xml; path = Info.plist; sourceTree = "<group>"; };
		F667697D1AC5CA1F00D2C96E /* main.m */ = {isa = PBXFileReference; lastKnownFileType = sourcecode.c.objc; path = main.m; sourceTree = "<group>"; };
		F667697F1AC5CA1F00D2C96E /* AppDelegate.h */ = {isa = PBXFileReference; lastKnownFileType = sourcecode.c.h; path = AppDelegate.h; sourceTree = "<group>"; };
		F66769801AC5CA1F00D2C96E /* AppDelegate.m */ = {isa = PBXFileReference; lastKnownFileType = sourcecode.c.objc; path = AppDelegate.m; sourceTree = "<group>"; };
		F66769831AC5CA1F00D2C96E /* virus_spread.xcdatamodel */ = {isa = PBXFileReference; lastKnownFileType = wrapper.xcdatamodel; path = virus_spread.xcdatamodel; sourceTree = "<group>"; };
		F66769851AC5CA1F00D2C96E /* ViewController.h */ = {isa = PBXFileReference; lastKnownFileType = sourcecode.c.h; path = ViewController.h; sourceTree = "<group>"; };
		F66769861AC5CA1F00D2C96E /* ViewController.m */ = {isa = PBXFileReference; lastKnownFileType = sourcecode.c.objc; path = ViewController.m; sourceTree = "<group>"; };
		F66769891AC5CA1F00D2C96E /* Base */ = {isa = PBXFileReference; lastKnownFileType = file.storyboard; name = Base; path = Base.lproj/Main.storyboard; sourceTree = "<group>"; };
		F667698B1AC5CA1F00D2C96E /* Images.xcassets */ = {isa = PBXFileReference; lastKnownFileType = folder.assetcatalog; path = Images.xcassets; sourceTree = "<group>"; };
		F667698E1AC5CA1F00D2C96E /* Base */ = {isa = PBXFileReference; lastKnownFileType = file.xib; name = Base; path = Base.lproj/LaunchScreen.xib; sourceTree = "<group>"; };
		F66769941AC5CA1F00D2C96E /* virus-spreadTests.xctest */ = {isa = PBXFileReference; explicitFileType = wrapper.cfbundle; includeInIndex = 0; path = "virus-spreadTests.xctest"; sourceTree = BUILT_PRODUCTS_DIR; };
		F66769991AC5CA1F00D2C96E /* Info.plist */ = {isa = PBXFileReference; lastKnownFileType = text.plist.xml; path = Info.plist; sourceTree = "<group>"; };
		F667699A1AC5CA1F00D2C96E /* virus_spreadTests.m */ = {isa = PBXFileReference; lastKnownFileType = sourcecode.c.objc; path = virus_spreadTests.m; sourceTree = "<group>"; };
/* End PBXFileReference section */

/* Begin PBXFrameworksBuildPhase section */
		F66769751AC5CA1F00D2C96E /* Frameworks */ = {
			isa = PBXFrameworksBuildPhase;
			buildActionMask = 2147483647;
			files = (
			);
			runOnlyForDeploymentPostprocessing = 0;
		};
		F66769911AC5CA1F00D2C96E /* Frameworks */ = {
			isa = PBXFrameworksBuildPhase;
			buildActionMask = 2147483647;
			files = (
			);
			runOnlyForDeploymentPostprocessing = 0;
		};
/* End PBXFrameworksBuildPhase section */

/* Begin PBXGroup section */
		F667696F1AC5CA1F00D2C96E = {
			isa = PBXGroup;
			children = (
				F667697A1AC5CA1F00D2C96E /* virus-spread */,
				F66769971AC5CA1F00D2C96E /* virus-spreadTests */,
				F66769791AC5CA1F00D2C96E /* Products */,
			);
			sourceTree = "<group>";
		};
		F66769791AC5CA1F00D2C96E /* Products */ = {
			isa = PBXGroup;
			children = (
				F66769781AC5CA1F00D2C96E /* virus-spread.app */,
				F66769941AC5CA1F00D2C96E /* virus-spreadTests.xctest */,
			);
			name = Products;
			sourceTree = "<group>";
		};
		F667697A1AC5CA1F00D2C96E /* virus-spread */ = {
			isa = PBXGroup;
			children = (
				F667697F1AC5CA1F00D2C96E /* AppDelegate.h */,
				F66769801AC5CA1F00D2C96E /* AppDelegate.m */,
				F66769851AC5CA1F00D2C96E /* ViewController.h */,
				F66769861AC5CA1F00D2C96E /* ViewController.m */,
				F66769881AC5CA1F00D2C96E /* Main.storyboard */,
				F667698B1AC5CA1F00D2C96E /* Images.xcassets */,
				F667698D1AC5CA1F00D2C96E /* LaunchScreen.xib */,
				F66769821AC5CA1F00D2C96E /* virus_spread.xcdatamodeld */,
				F667697B1AC5CA1F00D2C96E /* Supporting Files */,
			);
			path = "virus-spread";
			sourceTree = "<group>";
		};
		F667697B1AC5CA1F00D2C96E /* Supporting Files */ = {
			isa = PBXGroup;
			children = (
				F667697C1AC5CA1F00D2C96E /* Info.plist */,
				F667697D1AC5CA1F00D2C96E /* main.m */,
			);
			name = "Supporting Files";
			sourceTree = "<group>";
		};
		F66769971AC5CA1F00D2C96E /* virus-spreadTests */ = {
			isa = PBXGroup;
			children = (
				F667699A1AC5CA1F00D2C96E /* virus_spreadTests.m */,
				F66769981AC5CA1F00D2C96E /* Supporting Files */,
			);
			path = "virus-spreadTests";
			sourceTree = "<group>";
		};
		F66769981AC5CA1F00D2C96E /* Supporting Files */ = {
			isa = PBXGroup;
			children = (
				F66769991AC5CA1F00D2C96E /* Info.plist */,
			);
			name = "Supporting Files";
			sourceTree = "<group>";
		};
/* End PBXGroup section */

/* Begin PBXNativeTarget section */
		F66769771AC5CA1F00D2C96E /* virus-spread */ = {
			isa = PBXNativeTarget;
			buildConfigurationList = F667699E1AC5CA1F00D2C96E /* Build configuration list for PBXNativeTarget "virus-spread" */;
			buildPhases = (
				F66769741AC5CA1F00D2C96E /* Sources */,
				F66769751AC5CA1F00D2C96E /* Frameworks */,
				F66769761AC5CA1F00D2C96E /* Resources */,
			);
			buildRules = (
			);
			dependencies = (
			);
			name = "virus-spread";
			productName = "virus-spread";
			productReference = F66769781AC5CA1F00D2C96E /* virus-spread.app */;
			productType = "com.apple.product-type.application";
		};
		F66769931AC5CA1F00D2C96E /* virus-spreadTests */ = {
			isa = PBXNativeTarget;
			buildConfigurationList = F66769A11AC5CA1F00D2C96E /* Build configuration list for PBXNativeTarget "virus-spreadTests" */;
			buildPhases = (
				F66769901AC5CA1F00D2C96E /* Sources */,
				F66769911AC5CA1F00D2C96E /* Frameworks */,
				F66769921AC5CA1F00D2C96E /* Resources */,
			);
			buildRules = (
			);
			dependencies = (
				F66769961AC5CA1F00D2C96E /* PBXTargetDependency */,
			);
			name = "virus-spreadTests";
			productName = "virus-spreadTests";
			productReference = F66769941AC5CA1F00D2C96E /* virus-spreadTests.xctest */;
			productType = "com.apple.product-type.bundle.unit-test";
		};
/* End PBXNativeTarget section */

/* Begin PBXProject section */
		F66769701AC5CA1F00D2C96E /* Project object */ = {
			isa = PBXProject;
			attributes = {
				LastUpgradeCheck = 0630;
				ORGANIZATIONNAME = morpheby;
				TargetAttributes = {
					F66769771AC5CA1F00D2C96E = {
						CreatedOnToolsVersion = 6.3;
					};
					F66769931AC5CA1F00D2C96E = {
						CreatedOnToolsVersion = 6.3;
						TestTargetID = F66769771AC5CA1F00D2C96E;
					};
				};
			};
			buildConfigurationList = F66769731AC5CA1F00D2C96E /* Build configuration list for PBXProject "virus-spread" */;
			compatibilityVersion = "Xcode 3.2";
			developmentRegion = English;
			hasScannedForEncodings = 0;
			knownRegions = (
				en,
				Base,
			);
			mainGroup = F667696F1AC5CA1F00D2C96E;
			productRefGroup = F66769791AC5CA1F00D2C96E /* Products */;
			projectDirPath = "";
			projectRoot = "";
			targets = (
				F66769771AC5CA1F00D2C96E /* virus-spread */,
				F66769931AC5CA1F00D2C96E /* virus-spreadTests */,
			);
		};
/* End PBXProject section */

/* Begin PBXResourcesBuildPhase section */
		F66769761AC5CA1F00D2C96E /* Resources */ = {
			isa = PBXResourcesBuildPhase;
			buildActionMask = 2147483647;
			files = (
				F667698A1AC5CA1F00D2C96E /* Main.storyboard in Resources */,
				F667698F1AC5CA1F00D2C96E /* LaunchScreen.xib in Resources */,
				F667698C1AC5CA1F00D2C96E /* Images.xcassets in Resources */,
			);
			runOnlyForDeploymentPostprocessing = 0;
		};
		F66769921AC5CA1F00D2C96E /* Resources */ = {
			isa = PBXResourcesBuildPhase;
			buildActionMask = 2147483647;
			files = (
			);
			runOnlyForDeploymentPostprocessing = 0;
		};
/* End PBXResourcesBuildPhase section */

/* Begin PBXSourcesBuildPhase section */
		F66769741AC5CA1F00D2C96E /* Sources */ = {
			isa = PBXSourcesBuildPhase;
			buildActionMask = 2147483647;
			files = (
				F66769841AC5CA1F00D2C96E /* virus_spread.xcdatamodeld in Sources */,
				F66769811AC5CA1F00D2C96E /* AppDelegate.m in Sources */,
				F66769871AC5CA1F00D2C96E /* ViewController.m in Sources */,
				F667697E1AC5CA1F00D2C96E /* main.m in Sources */,
			);
			runOnlyForDeploymentPostprocessing = 0;
		};
		F66769901AC5CA1F00D2C96E /* Sources */ = {
			isa = PBXSourcesBuildPhase;
			buildActionMask = 2147483647;
			files = (
				F667699B1AC5CA1F00D2C96E /* virus_spreadTests.m in Sources */,
			);
			runOnlyForDeploymentPostprocessing = 0;
		};
/* End PBXSourcesBuildPhase section */

/* Begin PBXTargetDependency section */
		F66769961AC5CA1F00D2C96E /* PBXTargetDependency */ = {
			isa = PBXTargetDependency;
			target = F66769771AC5CA1F00D2C96E /* virus-spread */;
			targetProxy = F66769951AC5CA1F00D2C96E /* PBXContainerItemProxy */;
		};
/* End PBXTargetDependency section */

/* Begin PBXVariantGroup section */
		F66769881AC5CA1F00D2C96E /* Main.storyboard */ = {
			isa = PBXVariantGroup;
			children = (
				F66769891AC5CA1F00D2C96E /* Base */,
			);
			name = Main.storyboard;
			sourceTree = "<group>";
		};
		F667698D1AC5CA1F00D2C96E /* LaunchScreen.xib */ = {
			isa = PBXVariantGroup;
			children = (
				F667698E1AC5CA1F00D2C96E /* Base */,
			);
			name = LaunchScreen.xib;
			sourceTree = "<group>";
		};
/* End PBXVariantGroup section */

/* Begin XCBuildConfiguration section */
		F667699C1AC5CA1F00D2C96E /* Debug */ = {
			isa = XCBuildConfiguration;
			buildSettings = {
				ALWAYS_SEARCH_USER_PATHS = NO;
				CLANG_CXX_LANGUAGE_STANDARD = "gnu++0x";
				CLANG_CXX_LIBRARY = "libc++";
				CLANG_ENABLE_MODULES = YES;
				CLANG_ENABLE_OBJC_ARC = YES;
				CLANG_WARN_BOOL_CONVERSION = YES;
				CLANG_WARN_CONSTANT_CONVERSION = YES;
				CLANG_WARN_DIRECT_OBJC_ISA_USAGE = YES_ERROR;
				CLANG_WARN_EMPTY_BODY = YES;
				CLANG_WARN_ENUM_CONVERSION = YES;
				CLANG_WARN_INT_CONVERSION = YES;
				CLANG_WARN_OBJC_ROOT_CLASS = YES_ERROR;
				CLANG_WARN_UNREACHABLE_CODE = YES;
				CLANG_WARN__DUPLICATE_METHOD_MATCH = YES;
				"CODE_SIGN_IDENTITY[sdk=iphoneos*]" = "iPhone Developer";
				COPY_PHASE_STRIP = NO;
				DEBUG_INFORMATION_FORMAT = "dwarf-with-dsym";
				ENABLE_STRICT_OBJC_MSGSEND = YES;
				GCC_C_LANGUAGE_STANDARD = gnu99;
				GCC_DYNAMIC_NO_PIC = NO;
				GCC_NO_COMMON_BLOCKS = YES;
				GCC_OPTIMIZATION_LEVEL = 0;
				GCC_PREPROCESSOR_DEFINITIONS = (
					"DEBUG=1",
					"$(inherited)",
				);
				GCC_SYMBOLS_PRIVATE_EXTERN = NO;
				GCC_WARN_64_TO_32_BIT_CONVERSION = YES;
				GCC_WARN_ABOUT_RETURN_TYPE = YES_ERROR;
				GCC_WARN_UNDECLARED_SELECTOR = YES;
				GCC_WARN_UNINITIALIZED_AUTOS = YES_AGGRESSIVE;
				GCC_WARN_UNUSED_FUNCTION = YES;
				GCC_WARN_UNUSED_VARIABLE = YES;
				IPHONEOS_DEPLOYMENT_TARGET = 8.3;
				MTL_ENABLE_DEBUG_INFO = YES;
				ONLY_ACTIVE_ARCH = YES;
				SDKROOT = iphoneos;
			};
			name = Debug;
		};
		F667699D1AC5CA1F00D2C96E /* Release */ = {
			isa = XCBuildConfiguration;
			buildSettings = {
				ALWAYS_SEARCH_USER_PATHS = NO;
				CLANG_CXX_LANGUAGE_STANDARD = "gnu++0x";
				CLANG_CXX_LIBRARY = "libc++";
				CLANG_ENABLE_MODULES = YES;
				CLANG_ENABLE_OBJC_ARC = YES;
				CLANG_WARN_BOOL_CONVERSION = YES;
				CLANG_WARN_CONSTANT_CONVERSION = YES;
				CLANG_WARN_DIRECT_OBJC_ISA_USAGE = YES_ERROR;
				CLANG_WARN_EMPTY_BODY = YES;
				CLANG_WARN_ENUM_CONVERSION = YES;
				CLANG_WARN_INT_CONVERSION = YES;
				CLANG_WARN_OBJC_ROOT_CLASS = YES_ERROR;
				CLANG_WARN_UNREACHABLE_CODE = YES;
				CLANG_WARN__DUPLICATE_METHOD_MATCH = YES;
				"CODE_SIGN_IDENTITY[sdk=iphoneos*]" = "iPhone Developer";
				COPY_PHASE_STRIP = NO;
				DEBUG_INFORMATION_FORMAT = "dwarf-with-dsym";
				ENABLE_NS_ASSERTIONS = NO;
				ENABLE_STRICT_OBJC_MSGSEND = YES;
				GCC_C_LANGUAGE_STANDARD = gnu99;
				GCC_NO_COMMON_BLOCKS = YES;
				GCC_WARN_64_TO_32_BIT_CONVERSION = YES;
				GCC_WARN_ABOUT_RETURN_TYPE = YES_ERROR;
				GCC_WARN_UNDECLARED_SELECTOR = YES;
				GCC_WARN_UNINITIALIZED_AUTOS = YES_AGGRESSIVE;
				GCC_WARN_UNUSED_FUNCTION = YES;
				GCC_WARN_UNUSED_VARIABLE = YES;
				IPHONEOS_DEPLOYMENT_TARGET = 8.3;
				MTL_ENABLE_DEBUG_INFO = NO;
				SDKROOT = iphoneos;
				VALIDATE_PRODUCT = YES;
			};
			name = Release;
		};
		F667699F1AC5CA1F00D2C96E /* Debug */ = {
			isa = XCBuildConfiguration;
			buildSettings = {
				ASSETCATALOG_COMPILER_APPICON_NAME = AppIcon;
				INFOPLIST_FILE = "virus-spread/Info.plist";
				LD_RUNPATH_SEARCH_PATHS = "$(inherited) @executable_path/Frameworks";
				PRODUCT_NAME = "$(TARGET_NAME)";
			};
			name = Debug;
		};
		F66769A01AC5CA1F00D2C96E /* Release */ = {
			isa = XCBuildConfiguration;
			buildSettings = {
				ASSETCATALOG_COMPILER_APPICON_NAME = AppIcon;
				INFOPLIST_FILE = "virus-spread/Info.plist";
				LD_RUNPATH_SEARCH_PATHS = "$(inherited) @executable_path/Frameworks";
				PRODUCT_NAME = "$(TARGET_NAME)";
			};
			name = Release;
		};
		F66769A21AC5CA1F00D2C96E /* Debug */ = {
			isa = XCBuildConfiguration;
			buildSettings = {
				BUNDLE_LOADER = "$(TEST_HOST)";
				FRAMEWORK_SEARCH_PATHS = (
					"$(SDKROOT)/Developer/Library/Frameworks",
					"$(inherited)",
				);
				GCC_PREPROCESSOR_DEFINITIONS = (
					"DEBUG=1",
					"$(inherited)",
				);
				INFOPLIST_FILE = "virus-spreadTests/Info.plist";
				LD_RUNPATH_SEARCH_PATHS = "$(inherited) @executable_path/Frameworks @loader_path/Frameworks";
				PRODUCT_NAME = "$(TARGET_NAME)";
				TEST_HOST = "$(BUILT_PRODUCTS_DIR)/virus-spread.app/virus-spread";
			};
			name = Debug;
		};
		F66769A31AC5CA1F00D2C96E /* Release */ = {
			isa = XCBuildConfiguration;
			buildSettings = {
				BUNDLE_LOADER = "$(TEST_HOST)";
				FRAMEWORK_SEARCH_PATHS = (
					"$(SDKROOT)/Developer/Library/Frameworks",
					"$(inherited)",
				);
				INFOPLIST_FILE = "virus-spreadTests/Info.plist";
				LD_RUNPATH_SEARCH_PATHS = "$(inherited) @executable_path/Frameworks @loader_path/Frameworks";
				PRODUCT_NAME = "$(TARGET_NAME)";
				TEST_HOST = "$(BUILT_PRODUCTS_DIR)/virus-spread.app/virus-spread";
			};
			name = Release;
		};
/* End XCBuildConfiguration section */

/* Begin XCConfigurationList section */
		F66769731AC5CA1F00D2C96E /* Build configuration list for PBXProject "virus-spread" */ = {
			isa = XCConfigurationList;
			buildConfigurations = (
				F667699C1AC5CA1F00D2C96E /* Debug */,
				F667699D1AC5CA1F00D2C96E /* Release */,
			);
			defaultConfigurationIsVisible = 0;
			defaultConfigurationName = Release;
		};
		F667699E1AC5CA1F00D2C96E /* Build configuration list for PBXNativeTarget "virus-spread" */ = {
			isa = XCConfigurationList;
			buildConfigurations = (
				F667699F1AC5CA1F00D2C96E /* Debug */,
				F66769A01AC5CA1F00D2C96E /* Release */,
			);
			defaultConfigurationIsVisible = 0;
		};
		F66769A11AC5CA1F00D2C96E /* Build configuration list for PBXNativeTarget "virus-spreadTests" */ = {
			isa = XCConfigurationList;
			buildConfigurations = (
				F66769A21AC5CA1F00D2C96E /* Debug */,
				F66769A31AC5CA1F00D2C96E /* Release */,
			);
			defaultConfigurationIsVisible = 0;
		};
/* End XCConfigurationList section */

/* Begin XCVersionGroup section */
		F66769821AC5CA1F00D2C96E /* virus_spread.xcdatamodeld */ = {
			isa = XCVersionGroup;
			children = (
				F66769831AC5CA1F00D2C96E /* virus_spread.xcdatamodel */,
			);
			currentVersion = F66769831AC5CA1F00D2C96E /* virus_spread.xcdatamodel */;
			path = virus_spread.xcdatamodeld;
			sourceTree = "<group>";
			versionGroupType = wrapper.xcdatamodel;
		};
/* End XCVersionGroup section */
	};
	rootObject = F66769701AC5CA1F00D2C96E /* Project object */;
}
